
Microsoft Visual Studio Solution File, Format Version 12.00
# Visual Studio Version 16
VisualStudioVersion = 16.6.30114.105
MinimumVisualStudioVersion = 10.0.40219.1
Project("{9A19103F-16F7-4668-BE54-9A1E7A4F7556}") = "R5T.D0069.Construction", "R5T.D0069.Construction\R5T.D0069.Construction.csproj", "{E9490817-8528-453D-AAE7-C12690209B0F}"
EndProject
Project("{9A19103F-16F7-4668-BE54-9A1E7A4F7556}") = "R5T.D0069.Base", "R5T.D0069.Base\R5T.D0069.Base.csproj", "{6E7D8DF7-67BD-40F0-80B0-87CF2BAE2AC8}"
EndProject
Project("{9A19103F-16F7-4668-BE54-9A1E7A4F7556}") = "R5T.D0069.Default", "R5T.D0069.Default\R5T.D0069.Default.csproj", "{4F637E28-D11B-4A6B-9ACB-E751C245301A}"
EndProject
Project("{2150E333-8FDC-42A3-9474-1A3956D46DE8}") = "_Dependencies", "_Dependencies", "{85F1BCD4-19EE-4EC4-BF7A-740AF1B7E21E}"
EndProject
Project("{9A19103F-16F7-4668-BE54-9A1E7A4F7556}") = "R5T.Dacia", "..\..\R5T.Dacia\source\R5T.Dacia\R5T.Dacia.csproj", "{CBDF286B-521C-4BF5-9FE1-A601F3284BD5}"
EndProject
Project("{9A19103F-16F7-4668-BE54-9A1E7A4F7556}") = "R5T.Dacia.Extensions", "..\..\R5T.Dacia.Extensions\source\R5T.Dacia.Extensions\R5T.Dacia.Extensions.csproj", "{893147C4-8091-48F9-ABE1-3A97AD3C54C5}"
EndProject
Project("{9A19103F-16F7-4668-BE54-9A1E7A4F7556}") = "R5T.T0064", "..\..\R5T.T0064\source\R5T.T0064\R5T.T0064.csproj", "{36ABAC58-B315-469F-A6DB-65E14572017C}"
EndProject
Global
	GlobalSection(SolutionConfigurationPlatforms) = preSolution
		Debug|Any CPU = Debug|Any CPU
		Debug|x64 = Debug|x64
		Debug|x86 = Debug|x86
		Release|Any CPU = Release|Any CPU
		Release|x64 = Release|x64
		Release|x86 = Release|x86
	EndGlobalSection
	GlobalSection(ProjectConfigurationPlatforms) = postSolution
		{E9490817-8528-453D-AAE7-C12690209B0F}.Debug|Any CPU.ActiveCfg = Debug|Any CPU
		{E9490817-8528-453D-AAE7-C12690209B0F}.Debug|Any CPU.Build.0 = Debug|Any CPU
		{E9490817-8528-453D-AAE7-C12690209B0F}.Debug|x64.ActiveCfg = Debug|Any CPU
		{E9490817-8528-453D-AAE7-C12690209B0F}.Debug|x64.Build.0 = Debug|Any CPU
		{E9490817-8528-453D-AAE7-C12690209B0F}.Debug|x86.ActiveCfg = Debug|Any CPU
		{E9490817-8528-453D-AAE7-C12690209B0F}.Debug|x86.Build.0 = Debug|Any CPU
		{E9490817-8528-453D-AAE7-C12690209B0F}.Release|Any CPU.ActiveCfg = Release|Any CPU
		{E9490817-8528-453D-AAE7-C12690209B0F}.Release|Any CPU.Build.0 = Release|Any CPU
		{E9490817-8528-453D-AAE7-C12690209B0F}.Release|x64.ActiveCfg = Release|Any CPU
		{E9490817-8528-453D-AAE7-C12690209B0F}.Release|x64.Build.0 = Release|Any CPU
		{E9490817-8528-453D-AAE7-C12690209B0F}.Release|x86.ActiveCfg = Release|Any CPU
		{E9490817-8528-453D-AAE7-C12690209B0F}.Release|x86.Build.0 = Release|Any CPU
		{6E7D8DF7-67BD-40F0-80B0-87CF2BAE2AC8}.Debug|Any CPU.ActiveCfg = Debug|Any CPU
		{6E7D8DF7-67BD-40F0-80B0-87CF2BAE2AC8}.Debug|Any CPU.Build.0 = Debug|Any CPU
		{6E7D8DF7-67BD-40F0-80B0-87CF2BAE2AC8}.Debug|x64.ActiveCfg = Debug|Any CPU
		{6E7D8DF7-67BD-40F0-80B0-87CF2BAE2AC8}.Debug|x64.Build.0 = Debug|Any CPU
		{6E7D8DF7-67BD-40F0-80B0-87CF2BAE2AC8}.Debug|x86.ActiveCfg = Debug|Any CPU
		{6E7D8DF7-67BD-40F0-80B0-87CF2BAE2AC8}.Debug|x86.Build.0 = Debug|Any CPU
		{6E7D8DF7-67BD-40F0-80B0-87CF2BAE2AC8}.Release|Any CPU.ActiveCfg = Release|Any CPU
		{6E7D8DF7-67BD-40F0-80B0-87CF2BAE2AC8}.Release|Any CPU.Build.0 = Release|Any CPU
		{6E7D8DF7-67BD-40F0-80B0-87CF2BAE2AC8}.Release|x64.ActiveCfg = Release|Any CPU
		{6E7D8DF7-67BD-40F0-80B0-87CF2BAE2AC8}.Release|x64.Build.0 = Release|Any CPU
		{6E7D8DF7-67BD-40F0-80B0-87CF2BAE2AC8}.Release|x86.ActiveCfg = Release|Any CPU
		{6E7D8DF7-67BD-40F0-80B0-87CF2BAE2AC8}.Release|x86.Build.0 = Release|Any CPU
		{4F637E28-D11B-4A6B-9ACB-E751C245301A}.Debug|Any CPU.ActiveCfg = Debug|Any CPU
		{4F637E28-D11B-4A6B-9ACB-E751C245301A}.Debug|Any CPU.Build.0 = Debug|Any CPU
		{4F637E28-D11B-4A6B-9ACB-E751C245301A}.Debug|x64.ActiveCfg = Debug|Any CPU
		{4F637E28-D11B-4A6B-9ACB-E751C245301A}.Debug|x64.Build.0 = Debug|Any CPU
		{4F637E28-D11B-4A6B-9ACB-E751C245301A}.Debug|x86.ActiveCfg = Debug|Any CPU
		{4F637E28-D11B-4A6B-9ACB-E751C245301A}.Debug|x86.Build.0 = Debug|Any CPU
		{4F637E28-D11B-4A6B-9ACB-E751C245301A}.Release|Any CPU.ActiveCfg = Release|Any CPU
		{4F637E28-D11B-4A6B-9ACB-E751C245301A}.Release|Any CPU.Build.0 = Release|Any CPU
		{4F637E28-D11B-4A6B-9ACB-E751C245301A}.Release|x64.ActiveCfg = Release|Any CPU
		{4F637E28-D11B-4A6B-9ACB-E751C245301A}.Release|x64.Build.0 = Release|Any CPU
		{4F637E28-D11B-4A6B-9ACB-E751C245301A}.Release|x86.ActiveCfg = Release|Any CPU
		{4F637E28-D11B-4A6B-9ACB-E751C245301A}.Release|x86.Build.0 = Release|Any CPU
		{CBDF286B-521C-4BF5-9FE1-A601F3284BD5}.Debug|Any CPU.ActiveCfg = Debug|Any CPU
		{CBDF286B-521C-4BF5-9FE1-A601F3284BD5}.Debug|Any CPU.Build.0 = Debug|Any CPU
		{CBDF286B-521C-4BF5-9FE1-A601F3284BD5}.Debug|x64.ActiveCfg = Debug|Any CPU
		{CBDF286B-521C-4BF5-9FE1-A601F3284BD5}.Debug|x64.Build.0 = Debug|Any CPU
		{CBDF286B-521C-4BF5-9FE1-A601F3284BD5}.Debug|x86.ActiveCfg = Debug|Any CPU
		{CBDF286B-521C-4BF5-9FE1-A601F3284BD5}.Debug|x86.Build.0 = Debug|Any CPU
		{CBDF286B-521C-4BF5-9FE1-A601F3284BD5}.Release|Any CPU.ActiveCfg = Release|Any CPU
		{CBDF286B-521C-4BF5-9FE1-A601F3284BD5}.Release|Any CPU.Build.0 = Release|Any CPU
		{CBDF286B-521C-4BF5-9FE1-A601F3284BD5}.Release|x64.ActiveCfg = Release|Any CPU
		{CBDF286B-521C-4BF5-9FE1-A601F3284BD5}.Release|x64.Build.0 = Release|Any CPU
		{CBDF286B-521C-4BF5-9FE1-A601F3284BD5}.Release|x86.ActiveCfg = Release|Any CPU
		{CBDF286B-521C-4BF5-9FE1-A601F3284BD5}.Release|x86.Build.0 = Release|Any CPU
		{893147C4-8091-48F9-ABE1-3A97AD3C54C5}.Debug|Any CPU.ActiveCfg = Debug|Any CPU
		{893147C4-8091-48F9-ABE1-3A97AD3C54C5}.Debug|Any CPU.Build.0 = Debug|Any CPU
		{893147C4-8091-48F9-ABE1-3A97AD3C54C5}.Debug|x64.ActiveCfg = Debug|Any CPU
		{893147C4-8091-48F9-ABE1-3A97AD3C54C5}.Debug|x64.Build.0 = Debug|Any CPU
		{893147C4-8091-48F9-ABE1-3A97AD3C54C5}.Debug|x86.ActiveCfg = Debug|Any CPU
		{893147C4-8091-48F9-ABE1-3A97AD3C54C5}.Debug|x86.Build.0 = Debug|Any CPU
		{893147C4-8091-48F9-ABE1-3A97AD3C54C5}.Release|Any CPU.ActiveCfg = Release|Any CPU
		{893147C4-8091-48F9-ABE1-3A97AD3C54C5}.Release|Any CPU.Build.0 = Release|Any CPU
		{893147C4-8091-48F9-ABE1-3A97AD3C54C5}.Release|x64.ActiveCfg = Release|Any CPU
		{893147C4-8091-48F9-ABE1-3A97AD3C54C5}.Release|x64.Build.0 = Release|Any CPU
		{893147C4-8091-48F9-ABE1-3A97AD3C54C5}.Release|x86.ActiveCfg = Release|Any CPU
		{893147C4-8091-48F9-ABE1-3A97AD3C54C5}.Release|x86.Build.0 = Release|Any CPU
		{36ABAC58-B315-469F-A6DB-65E14572017C}.Debug|Any CPU.ActiveCfg = Debug|Any CPU
		{36ABAC58-B315-469F-A6DB-65E14572017C}.Debug|Any CPU.Build.0 = Debug|Any CPU
		{36ABAC58-B315-469F-A6DB-65E14572017C}.Debug|x64.ActiveCfg = Debug|Any CPU
		{36ABAC58-B315-469F-A6DB-65E14572017C}.Debug|x64.Build.0 = Debug|Any CPU
		{36ABAC58-B315-469F-A6DB-65E14572017C}.Debug|x86.ActiveCfg = Debug|Any CPU
		{36ABAC58-B315-469F-A6DB-65E14572017C}.Debug|x86.Build.0 = Debug|Any CPU
		{36ABAC58-B315-469F-A6DB-65E14572017C}.Release|Any CPU.ActiveCfg = Release|Any CPU
		{36ABAC58-B315-469F-A6DB-65E14572017C}.Release|Any CPU.Build.0 = Release|Any CPU
		{36ABAC58-B315-469F-A6DB-65E14572017C}.Release|x64.ActiveCfg = Release|Any CPU
		{36ABAC58-B315-469F-A6DB-65E14572017C}.Release|x64.Build.0 = Release|Any CPU
		{36ABAC58-B315-469F-A6DB-65E14572017C}.Release|x86.ActiveCfg = Release|Any CPU
		{36ABAC58-B315-469F-A6DB-65E14572017C}.Release|x86.Build.0 = Release|Any CPU
	EndGlobalSection
	GlobalSection(SolutionProperties) = preSolution
		HideSolutionNode = FALSE
	EndGlobalSection
	GlobalSection(NestedProjects) = preSolution
		{CBDF286B-521C-4BF5-9FE1-A601F3284BD5} = {85F1BCD4-19EE-4EC4-BF7A-740AF1B7E21E}
		{893147C4-8091-48F9-ABE1-3A97AD3C54C5} = {85F1BCD4-19EE-4EC4-BF7A-740AF1B7E21E}
		{36ABAC58-B315-469F-A6DB-65E14572017C} = {85F1BCD4-19EE-4EC4-BF7A-740AF1B7E21E}
	EndGlobalSection
	GlobalSection(ExtensibilityGlobals) = postSolution
		SolutionGuid = {CCD651FA-F155-40A3-B68E-03DDD0026492}
	EndGlobalSection
EndGlobal
